
Microsoft Visual Studio Solution File, Format Version 11.00
# Visual Studio 2010
Project("{FAE04EC0-301F-11D3-BF4B-00C04F79EFBC}") = "DeploymentHelper", "DeploymentHelper\DeploymentHelper.csproj", "{12301EA8-4461-4F85-AE5A-9253BEF0CE23}"
EndProject
Global
	GlobalSection(SolutionConfigurationPlatforms) = preSolution
		Debug|Any CPU = Debug|Any CPU
		Release|Any CPU = Release|Any CPU
	EndGlobalSection
	GlobalSection(ProjectConfigurationPlatforms) = postSolution
		{12301EA8-4461-4F85-AE5A-9253BEF0CE23}.Debug|Any CPU.ActiveCfg = Debug|Any CPU
		{12301EA8-4461-4F85-AE5A-9253BEF0CE23}.Debug|Any CPU.Build.0 = Debug|Any CPU
		{12301EA8-4461-4F85-AE5A-9253BEF0CE23}.Release|Any CPU.ActiveCfg = Release|Any CPU
		{12301EA8-4461-4F85-AE5A-9253BEF0CE23}.Release|Any CPU.Build.0 = Release|Any CPU
	EndGlobalSection
	GlobalSection(SolutionProperties) = preSolution
		HideSolutionNode = FALSE
	EndGlobalSection
EndGlobal
